
Microsoft Visual Studio Solution File, Format Version 12.00
# Visual Studio Version 16
VisualStudioVersion = 16.0.28902.138
MinimumVisualStudioVersion = 10.0.40219.1
Project("{9A19103F-16F7-4668-BE54-9A1E7A4F7556}") = "Lavalink4NET", "Lavalink4NET\Lavalink4NET.csproj", "{77596045-43F5-43CD-BE95-0F14EC8C0CED}"
EndProject
Project("{9A19103F-16F7-4668-BE54-9A1E7A4F7556}") = "Lavalink4NET.Discord_NET", "Lavalink4NET.Discord_NET\Lavalink4NET.Discord_NET.csproj", "{713C73DD-09E4-4FE8-ADE3-493DAABB025B}"
EndProject
Project("{9A19103F-16F7-4668-BE54-9A1E7A4F7556}") = "Lavalink4NET.DSharpPlus", "Lavalink4NET.DSharpPlus\Lavalink4NET.DSharpPlus.csproj", "{3A39C12E-7FE0-406B-A369-73DC91C4DD5B}"
EndProject
Project("{9A19103F-16F7-4668-BE54-9A1E7A4F7556}") = "Lavalink4NET.MemoryCache", "Lavalink4NET.MemoryCache\Lavalink4NET.MemoryCache.csproj", "{0A74B051-3BC6-424E-B5A1-30EF2FAC7CFA}"
EndProject
Project("{9A19103F-16F7-4668-BE54-9A1E7A4F7556}") = "Lavalink4NET.Discord_NET.ExampleBot", "..\samples\Lavalink4NET.Discord_NET.ExampleBot\Lavalink4NET.Discord_NET.ExampleBot.csproj", "{08572C8E-E4E7-45C9-A59D-B743AEB98FD9}"
EndProject
Global
	GlobalSection(SolutionConfigurationPlatforms) = preSolution
		Debug|Any CPU = Debug|Any CPU
		Release|Any CPU = Release|Any CPU
	EndGlobalSection
	GlobalSection(ProjectConfigurationPlatforms) = postSolution
		{77596045-43F5-43CD-BE95-0F14EC8C0CED}.Debug|Any CPU.ActiveCfg = Debug|Any CPU
		{77596045-43F5-43CD-BE95-0F14EC8C0CED}.Debug|Any CPU.Build.0 = Debug|Any CPU
		{77596045-43F5-43CD-BE95-0F14EC8C0CED}.Release|Any CPU.ActiveCfg = Release|Any CPU
		{77596045-43F5-43CD-BE95-0F14EC8C0CED}.Release|Any CPU.Build.0 = Release|Any CPU
		{713C73DD-09E4-4FE8-ADE3-493DAABB025B}.Debug|Any CPU.ActiveCfg = Debug|Any CPU
		{713C73DD-09E4-4FE8-ADE3-493DAABB025B}.Debug|Any CPU.Build.0 = Debug|Any CPU
		{713C73DD-09E4-4FE8-ADE3-493DAABB025B}.Release|Any CPU.ActiveCfg = Release|Any CPU
		{713C73DD-09E4-4FE8-ADE3-493DAABB025B}.Release|Any CPU.Build.0 = Release|Any CPU
		{3A39C12E-7FE0-406B-A369-73DC91C4DD5B}.Debug|Any CPU.ActiveCfg = Debug|Any CPU
		{3A39C12E-7FE0-406B-A369-73DC91C4DD5B}.Debug|Any CPU.Build.0 = Debug|Any CPU
		{3A39C12E-7FE0-406B-A369-73DC91C4DD5B}.Release|Any CPU.ActiveCfg = Release|Any CPU
		{3A39C12E-7FE0-406B-A369-73DC91C4DD5B}.Release|Any CPU.Build.0 = Release|Any CPU
		{0A74B051-3BC6-424E-B5A1-30EF2FAC7CFA}.Debug|Any CPU.ActiveCfg = Debug|Any CPU
		{0A74B051-3BC6-424E-B5A1-30EF2FAC7CFA}.Debug|Any CPU.Build.0 = Debug|Any CPU
		{0A74B051-3BC6-424E-B5A1-30EF2FAC7CFA}.Release|Any CPU.ActiveCfg = Release|Any CPU
		{0A74B051-3BC6-424E-B5A1-30EF2FAC7CFA}.Release|Any CPU.Build.0 = Release|Any CPU
		{08572C8E-E4E7-45C9-A59D-B743AEB98FD9}.Debug|Any CPU.ActiveCfg = Debug|Any CPU
		{08572C8E-E4E7-45C9-A59D-B743AEB98FD9}.Debug|Any CPU.Build.0 = Debug|Any CPU
		{08572C8E-E4E7-45C9-A59D-B743AEB98FD9}.Release|Any CPU.ActiveCfg = Release|Any CPU
		{08572C8E-E4E7-45C9-A59D-B743AEB98FD9}.Release|Any CPU.Build.0 = Release|Any CPU
	EndGlobalSection
	GlobalSection(SolutionProperties) = preSolution
		HideSolutionNode = FALSE
	EndGlobalSection
	GlobalSection(ExtensibilityGlobals) = postSolution
		SolutionGuid = {466A619D-5C4B-4A8F-9852-7A5322F160A2}
	EndGlobalSection
EndGlobal
